name: G1 materialize job start concurrency

on:
  push:
    branches:
      - codex/g1-gap-closure-r1-20260831
    paths:
      - .github/workflows/g1-materialize-job-hotlock.yml

permissions:
  contents: write

jobs:
  materialize:
    if: ${{ github.actor != 'github-actions[bot]' }}
    runs-on: ubuntu-24.04
    timeout-minutes: 30
    steps:
      - uses: actions/checkout@11bd71901bbe5b1630ceea73d27597364c9af683
        with:
          fetch-depth: 0
          ref: codex/g1-gap-closure-r1-20260831
      - uses: dtolnay/rust-toolchain@d8dfd7155fea72af4ad34a8fe97364d210e2d020
        with:
          toolchain: "1.93.0"
          components: rustfmt,clippy
      - name: Apply, format, and verify job concurrency patch
        env:
          PATCH_GZ_B64: H4sICFSulWoCA2pvYi1ob3Rsb2NrLnBhdGNoALVaWXPbOBJ+169ANLVeskQxlq/YsuONdzKH53LKzuxLaooDkZDEmCI1IOljbP/37cZBAiBl72Rq9WBLINDobnx9gkk6n5PxeJFWhL6OOa1Y+briaZalRZ6n9Wpc3OaMj4s1y8efi9mY13mVrtjrksevVzSnC8ZDXpLZl68dpHnC7sjO0eGMTnbDMJntzw7iHTLZ3j7Y2xuMx+O/w9lgNBr9Le7evSPjSbBPRpPgDXn3bkDqkpGySqbTuMgyFldArpxOH76n5fJnug7If1j8nv1Rs6fjwaiZu4SnalJA8C/j8LyltaYVPP8Af81V5X0eT6e0KlYp/H84E19+LdM/WUAueMJ4mi8sMnLBwxmPA/JzXbE79e+7mvLEmlktOaMJjEgBD4MjMtrZDg4mIKOYJTQGtAYEP5esrLMqIJdSST8Us29uWN4d+BEOMyBXFeXV+7RcF2WK+gkGBDcfjGLQVUWuPp5dfoyuvj+7fB99ffHrLx+nsCMIRd6Sgz2QfzAqK17HFTlLVmlZAoEPRZGRh8EIWaGg8hs2JaY25JMVvUtX9UpRg8EnpJWu1lk/pXlOcnbr2ct8Mj4lVyyb61n4cX9v4GM6RXrbfmDPVBsYo0/yq+BPcVLx+4jGf9QpZ14J203JFhzjCe58KniSR3DSSsL4Kq1OTbYyVpFVXZG45hwOA/SJlELJaZgVNPE0bKbTM7mZf2ysL4q1K2Y6b8idKnpKHncmfjirap6Tbzj3ABIKHPCr4NPpeX5DszS5ROMoK6+7GD9DMEWiTJHEdE3jtLonaUnY3ZLWZcUSMmPzgjPQf8zWFc1jNgyrIgLIgFieq3v8+KaMhvrb86nipaWquFitKWcRu4uXNF+w6JbR6x6OlWaCjU/IiEx6nlqncMmyl6bgQTlz/D71X1x7kU/envY9M44Hpjkw2rQAP2swGYA5B88SZ0Uu4dmnZ6FaV9c9+sYPIqSYlYzfsERw3GJWDwcbD601n6deb2GJ1LB/YjmBU8s/vOeAfIDVJiJgoAlM8bbQvIT8rt2tObtJi7rURofbajjNGQAsKuuZNwk6Z28qLGGzehHREhRQvfIakqdkO5CWQTV7ZC35qyF48nlW3A41HaUVorQCNpjDbmCNRPlycMIV1zr5wIuYleXXcgyUonAibHRK0Ijld3UaUcNBJDmYuipTJCDKFHUVze4h7k5lFDqpD/ZO28eM897HTyIk7b4JDsjoaBIcYkRSwpznELK1HJwtUhi/l4IITuWA3uNzAWCnWfP8B/m7EVJqRu+uAjhO/JHdB2JRq7zT01OlgUYBG0AlpYMAGJVLiLogHWQEJ3IPzz/Vu0uUU5k+bGDhop0DIbVizeKk5nSWZuAaIyacqyJwsca5J1fCF562ytw7CiY7kMJs7weTfdTnup5pncJmP8t0BxUrrMEeEkYE81W4BPjM04WEhvTTX4uRoNV3q2szcolQpgkqIMK6UEQFkM7z/3XsxDJ6FwHq0abUXD1yPDB9ngrPloNJESrKbSHbFnQsTy25H/Q4SwNfkogBsuk0YXMKcnm+37PYxJ5cq0b6JttIlNMVFuQPv8/d2kCUEy00yiGtsl4aNlC97TDsJGc+KH3tPUaPJnfAkR+qBNjrE6kH3hvk6izdAG654hcIQO6iJxhAlL95I1G+exBMRB7bA2YLzkJ6bwv9dWD5PJHAKsdnQrh9hD8tMGsUR1Klipq3pb4ERGwTCliGEnOI97Fe//o1+b7IElItmcbDGBQPOVl8DbkOL8pSPGtyonjJ4uugQSmkRYsUMm2TYLmmtzmheQLWgCEFDiMk5AzNmFyze8gVIRufwX7sM5xjk1pZNH7XG4Rig98DUgAb/DaFGoGSeZ1lTbqWMXrDStiPnIncDAhCROf3Fr1qSSsypxlo454UcVyvUyYlQ46QVwx7sA4IkQwUyjFrge1bKjrNVWrSLkLoV415lm4hh8U1V8WKeWoC5BzW+nDB2sMKgRUrwAPfVxC04YihSily4BwZZncQ3yWIiDAhUO7H9vgIHh9krjmIw8mSZYlFUJ2pcgvk/PVFAKKLaCwPDjTNSQJVFKanQCGGik1UU6QsIO5zhtqxaQLfJSBEIRtdm0qrgOPbZZoh81LRnK0ogIJkac4oT/+ks4yFtvdVSF5g7ajVawzZ2jJd9wZ1O+fT1Xgo0svE8zu+fK51Gqr55NVbbbDN0MOA/JVyBAYwcGVpXPnHjkORRfHOTrA7AX9yCHXxBnfiprRGgFDb/FJU3xaQpYkkV+A+6C4Tfk7MMDjWhie9oJpj+r6nY9smZLYZOWZh/mzn4weVXnq+MzhPMzA67xEePoKI407IaNxY95kgoPne8LjM6bpcFpWHR75hjog4emIvF1btxspX3uYpgmlFCwFcseD5ydjMmM+Z0KbIuzBVlw7t+YX4eexbLoIGuoQHEoYAry+jorLRF4ls0OrThnHwG2dtGMG2EOA0zWqoscF7YctGRvIb9NgxYBkdOy03ElNOHb1hk47IUJMXFRHwBg9VQ+HOK/BBRBzJRmppXhU4nyaJ6CWBq4zBkyXaV4YbIFTnt5yuIzAcSHOZI7qrilCI5fl2zHjVWmAu/t7Br5JsbfVamu6OmBG+yVddCP+VPsn4/9AjGbv9kXHr+8jA1P+3AAUCjrlsqYoUReNFbiEjOPCFh46HS29gHQYVCGIWvYRl6YxhcxHQtGKrgt+PRUTVgbBBikgnerIJ4ZsP0CePJke7qqB5wTf7potHEc2oCdkcNhzIPM3TijVBuNFsn9gYZKXokKZAPuWGYZUKqCodzuby7PxctJwTmZCBxjjNyzm4dZZIlBulOmrEzhbmmAnJhK6sYWOWlMcEM4t7IiIDwRZyyyokWZAgMFpCcpVWTmR3a3iIEhhie9HuNIYw/zYaMYRBQHPniMBv2EKzXWg2Of1/+QYhbPsSk0eRbaqswT5LFXw2BB1Ex86uQMfOmx0sCF5Gx8UaAQkM/hs3hZgN+fFjZ/TXXEEUzgtbbE8bELVBw+5QWFyDd4pQgd7jo6vDjlfQaUVPF3KI+bzwCRqd4gTJLS1l0ggM36bVsoCcWXhSu4f0XPvUPCKR49mHtGC50hEI2LZR//J5He5gxTbahXM7/B/OC1bHBU9kgsrsTDQwmAp0rytcp4nxo4LEo5NwYJrl5FzGLMd/g0XaPIiQibYt7FQUaiJK4RkIq8V4eCktEh93yLWnwllTOluuB6rtGYViUBg6HBeWTQUm8sVNl5xRRko0HJt126zAql9yjvGJ3BY1MEuriq3Ao1VFh54oQ6sluK2SQtRZYUUuHFkC+YJ4iIyCO3LiseiamnHS7Q9/mSaFc4Vtadah1mmRAs/KFQKRJcuVGKJCErqUwRgyCQsTiO8YluX1WqJBdqEQQd1CI7xOs8yDyBZDsnf+3Y/nP/3k98xCiPmyvTnZlZDfP3zZRyEr+jDfts2ebmvX6Gkhn06l0XQ4nMpJ1l0d2+9p9bojzgY9Pd/2Ssyd6bZ/e2Y+mYmJVa3LfoZn2H0jhHlTsaXLT5PQs5B0ilRbI1+yLbGPUYP8bd/NqSoU4LFznoZLE+g5OjoU6c/23l4wecljPikkNkFKd75k3y8S9++6CwYiTcmWbECLzpe8me25ZFyKW2yM0J3LcHwUrbDJ9172SOWNt+r5GdpGBeJkea8iKZrPPTkUYmYGs3woO/Qt7T/MbNtsY4YZyz2/e8FqtS42CKvafO2d+ck/o4Bg197UwIaNPxkdElOzWOf+5gAJPabnO4M6CGGvtRP/RQ34oUhLbJEY4hElnsbslryd2ijMi9ccVlfTKPadCCyXyGR8snMU7AIcJ4dvgv0jhCPqe0l39g+iJWhAmfnWp/rwN3m/LrINvZFKpMB1rOtqIA9tMPrqUzxfeBV2YEF7qyJp21nxfYTjTXLqvP+wWpfxsfMENQlwrKUVHWtc4HPzpZBIvBQS4Ush6Bqi5g5g+qAVhj3gGCY8WUTKeo0Af7Aa8IFhkUHnwqQlANoCkHi4YZqAnmBHoSa5pQk9OSINqZMwCrbksyHk/cjFMCBDqGfmEFHxa0XLa/Ef4h3+h40YXQ1dzy8ZMQZdc/rqE+r/t4Z7Ny5EuvaIdBEVwTNRrUTofiOMu173DhVfznhrHuVzFxsT614f189TXmKqLe5erVojZHdrvKoYyikq8TXXN5eu3bVpKczS2k4EEUHMZaKEbCZPnueiKS11YjLs0JZkjEvdfs03feDIdEWgdjgKXiwgl4QfRhu4q3T1rhMw3IJ1OkUL8FzE4p3XDcuK9QpoRXVe0rkIfeJSxnFmWlRjhd5q6Kpshu5QBEU0g6H6uWmadKui4JBvafUEMzXVpYBPQbBEvmiA112T7Wh7e7vHE3uPgtSjYGkLklsob155Q4PC+EHMeBr6vrse4lXiPcIhJOJO6PEZVptJPva0LRE3qRRqOFMQQU0oyxZWN+7tvVUA1ApqiOozENTk2s4BiOzGoKhyH2cWQBdfSsCrqZilYPPY/EefLI06wldqcpaB/ToLbwt+3WYU8g01WIM5v4dFDumWyeKewlBGc1shWOuWyrYSjIV+z1ytmo6ye9QjgyXKHeI/vCBt1pfpAhtbJhltmxaNJ/sMtfocFMDwTYQ2CfHS0wFtOp3zYhWB0yjRL24ATleQptl2S6FSwhdgGoeCwO+6JSG5OSoPLfxcpLnh4IxLMTXDfj/lv7w7TJp3KgAA
        run: |
          set -euo pipefail
          printf '%s' "$PATCH_GZ_B64" | base64 -d | gzip -d > /tmp/job-hotlock.patch
          git apply --index /tmp/job-hotlock.patch
          cargo fmt --all
          cargo test --locked -p trillionnium-owner-open-job-runtime --all-targets
          cargo clippy --locked -p trillionnium-owner-open-job-runtime --all-targets -- -D warnings
      - name: Commit verified materialization
        run: |
          set -euo pipefail
          rm .github/workflows/g1-materialize-job-hotlock.yml
          git add -A
          git config user.name github-actions[bot]
          git config user.email 41898282+github-actions[bot]@users.noreply.github.com
          git commit -m "feat(g1): remove job start global slow-path lock" -m "Reserve bounded capacity with RAII permits and serialize only stable start shards so unrelated jobs can progress while spawn and journal paths remain outside the global running-map lock." -m "Signed-off-by: OpenAI Codex <noreply@openai.com>"
          git push origin HEAD:codex/g1-gap-closure-r1-20260831
